
Microsoft Visual Studio Solution File, Format Version 12.00
# Visual Studio Version 17
VisualStudioVersion = 17.14.36429.23 d17.14
MinimumVisualStudioVersion = 10.0.40219.1
Project("{FAE04EC0-301F-11D3-BF4B-00C04F79EFBC}") = "To Do List", "To Do List\To Do List.csproj", "{ED4A9875-DA95-4A60-A5B1-27CD8DDC989F}"
EndProject
Global
	GlobalSection(SolutionConfigurationPlatforms) = preSolution
		Debug|Any CPU = Debug|Any CPU
		Release|Any CPU = Release|Any CPU
	EndGlobalSection
	GlobalSection(ProjectConfigurationPlatforms) = postSolution
		{ED4A9875-DA95-4A60-A5B1-27CD8DDC989F}.Debug|Any CPU.ActiveCfg = Debug|Any CPU
		{ED4A9875-DA95-4A60-A5B1-27CD8DDC989F}.Debug|Any CPU.Build.0 = Debug|Any CPU
		{ED4A9875-DA95-4A60-A5B1-27CD8DDC989F}.Release|Any CPU.ActiveCfg = Release|Any CPU
		{ED4A9875-DA95-4A60-A5B1-27CD8DDC989F}.Release|Any CPU.Build.0 = Release|Any CPU
	EndGlobalSection
	GlobalSection(SolutionProperties) = preSolution
		HideSolutionNode = FALSE
	EndGlobalSection
	GlobalSection(ExtensibilityGlobals) = postSolution
		SolutionGuid = {E0876FD9-FB17-4B68-BE72-0E9869A5C541}
	EndGlobalSection
EndGlobal
